{
  "version": 4,
  "terraform_version": "1.1.8",
  "serial": 6,
  "lineage": "9a6ef8b5-e73b-201e-d458-aa22386d4b3b",
  "outputs": {
    "aws_cloudwatch_log_group_arn": {
      "value": [
        "arn:aws:logs:us-east-1:844078799940:log-group:codebuild/dev/terraform-easy-code-build"
      ],
      "type": [
        "tuple",
        [
          "string"
        ]
      ]
    },
    "codebuild_project_arn": {
      "value": [
        "arn:aws:codebuild:us-east-1:844078799940:project/terraform-easy-code-build-codebuild"
      ],
      "type": [
        "tuple",
        [
          "string"
        ]
      ]
    },
    "codebuild_project_id": {
      "value": [
        "arn:aws:codebuild:us-east-1:844078799940:project/terraform-easy-code-build-codebuild"
      ],
      "type": [
        "tuple",
        [
          "string"
        ]
      ]
    },
    "codebuild_project_name": {
      "value": [
        "terraform-easy-code-build-codebuild"
      ],
      "type": [
        "tuple",
        [
          "string"
        ]
      ]
    },
    "codebuild_project_role_arn": {
      "value": [
        {
          "CreatedBy": "Terraform",
          "Environment": "dev"
        }
      ],
      "type": [
        "tuple",
        [
          [
            "map",
            "string"
          ]
        ]
      ]
    }
  },
  "resources": [
    {
      "mode": "data",
      "type": "aws_caller_identity",
      "name": "current",
      "provider": "provider[\"registry.terraform.io/hashicorp/aws\"]",
      "instances": [
        {
          "schema_version": 0,
          "attributes": {
            "account_id": "844078799940",
            "arn": "arn:aws:iam::844078799940:user/arthur-santos",
            "id": "844078799940",
            "user_id": "AIDA4JBYELRCFNSQDK3RU"
          },
          "sensitive_attributes": []
        }
      ]
    },
    {
      "mode": "data",
      "type": "aws_iam_policy_document",
      "name": "assume_role",
      "provider": "provider[\"registry.terraform.io/hashicorp/aws\"]",
      "instances": [
        {
          "index_key": 0,
          "schema_version": 0,
          "attributes": {
            "id": "442947395",
            "json": "{\n  \"Version\": \"2012-10-17\",\n  \"Statement\": [\n    {\n      \"Sid\": \"\",\n      \"Effect\": \"Allow\",\n      \"Action\": \"sts:AssumeRole\",\n      \"Principal\": {\n        \"Service\": \"codebuild.amazonaws.com\"\n      }\n    }\n  ]\n}",
            "override_json": null,
            "override_policy_documents": null,
            "policy_id": null,
            "source_json": null,
            "source_policy_documents": null,
            "statement": [
              {
                "actions": [
                  "sts:AssumeRole"
                ],
                "condition": [],
                "effect": "Allow",
                "not_actions": [],
                "not_principals": [],
                "not_resources": [],
                "principals": [
                  {
                    "identifiers": [
                      "codebuild.amazonaws.com"
                    ],
                    "type": "Service"
                  }
                ],
                "resources": [],
                "sid": ""
              }
            ],
            "version": "2012-10-17"
          },
          "sensitive_attributes": []
        }
      ]
    },
    {
      "mode": "data",
      "type": "aws_iam_policy_document",
      "name": "codebuild_policy_document",
      "provider": "provider[\"registry.terraform.io/hashicorp/aws\"]",
      "instances": [
        {
          "index_key": 0,
          "schema_version": 0,
          "attributes": {
            "id": "1564377612",
            "json": "{\n  \"Version\": \"2012-10-17\",\n  \"Statement\": [\n    {\n      \"Sid\": \"\",\n      \"Effect\": \"Allow\",\n      \"Action\": [\n        \"s3:*\",\n        \"logs:PutLogEvents\",\n        \"logs:CreateLogStream\",\n        \"logs:CreateLogGroup\"\n      ],\n      \"Resource\": \"*\"\n    }\n  ]\n}",
            "override_json": null,
            "override_policy_documents": null,
            "policy_id": null,
            "source_json": null,
            "source_policy_documents": null,
            "statement": [
              {
                "actions": [
                  "logs:CreateLogGroup",
                  "logs:CreateLogStream",
                  "logs:PutLogEvents",
                  "s3:*"
                ],
                "condition": [],
                "effect": "Allow",
                "not_actions": [],
                "not_principals": [],
                "not_resources": [],
                "principals": [],
                "resources": [
                  "*"
                ],
                "sid": ""
              }
            ],
            "version": "2012-10-17"
          },
          "sensitive_attributes": []
        }
      ]
    },
    {
      "mode": "data",
      "type": "aws_region",
      "name": "current",
      "provider": "provider[\"registry.terraform.io/hashicorp/aws\"]",
      "instances": [
        {
          "schema_version": 0,
          "attributes": {
            "description": "US East (N. Virginia)",
            "endpoint": "ec2.us-east-1.amazonaws.com",
            "id": "us-east-1",
            "name": "us-east-1"
          },
          "sensitive_attributes": []
        }
      ]
    },
    {
      "mode": "managed",
      "type": "aws_cloudwatch_log_group",
      "name": "app",
      "provider": "provider[\"registry.terraform.io/hashicorp/aws\"]",
      "instances": [
        {
          "index_key": 0,
          "schema_version": 0,
          "attributes": {
            "arn": "arn:aws:logs:us-east-1:844078799940:log-group:codebuild/dev/terraform-easy-code-build",
            "id": "codebuild/dev/terraform-easy-code-build",
            "kms_key_id": "",
            "name": "codebuild/dev/terraform-easy-code-build",
            "name_prefix": "",
            "retention_in_days": 30,
            "skip_destroy": false,
            "tags": {
              "CreatedBy": "Terraform",
              "Environment": "dev"
            },
            "tags_all": {
              "CreatedBy": "Terraform",
              "Environment": "dev"
            }
          },
          "sensitive_attributes": [],
          "private": "bnVsbA=="
        }
      ]
    },
    {
      "mode": "managed",
      "type": "aws_codebuild_project",
      "name": "codebuild",
      "provider": "provider[\"registry.terraform.io/hashicorp/aws\"]",
      "instances": [
        {
          "schema_version": 0,
          "attributes": {
            "arn": "arn:aws:codebuild:us-east-1:844078799940:project/terraform-easy-code-build-codebuild",
            "artifacts": [
              {
                "artifact_identifier": "",
                "bucket_owner_access": "",
                "encryption_disabled": false,
                "location": "",
                "name": "",
                "namespace_type": "",
                "override_artifact_name": false,
                "packaging": "",
                "path": "",
                "type": "NO_ARTIFACTS"
              }
            ],
            "badge_enabled": false,
            "badge_url": "",
            "build_batch_config": [],
            "build_timeout": 20,
            "cache": [
              {
                "location": "",
                "modes": [
                  "LOCAL_SOURCE_CACHE"
                ],
                "type": "LOCAL"
              }
            ],
            "concurrent_build_limit": 0,
            "description": "AWS CodeBuild for the app easy_modules",
            "encryption_key": "arn:aws:kms:us-east-1:844078799940:alias/aws/s3",
            "environment": [
              {
                "certificate": "",
                "compute_type": "BUILD_GENERAL1_SMALL",
                "environment_variable": [
                  {
                    "name": "TERRAFORM",
                    "type": "PLAINTEXT",
                    "value": "true"
                  },
                  {
                    "name": "STAGE",
                    "type": "PLAINTEXT",
                    "value": "dev"
                  },
                  {
                    "name": "AWS_REGION",
                    "type": "PLAINTEXT",
                    "value": "us-east-1"
                  },
                  {
                    "name": "AWS_ACCOUNT_ID",
                    "type": "PLAINTEXT",
                    "value": "844078799940"
                  }
                ],
                "image": "aws/codebuild/amazonlinux2-x86_64-standard:4.0",
                "image_pull_credentials_type": "CODEBUILD",
                "privileged_mode": false,
                "registry_credential": [],
                "type": "LINUX_CONTAINER"
              }
            ],
            "file_system_locations": [],
            "id": "arn:aws:codebuild:us-east-1:844078799940:project/terraform-easy-code-build-codebuild",
            "logs_config": [
              {
                "cloudwatch_logs": [
                  {
                    "group_name": "codebuild/dev/terraform-easy-code-build",
                    "status": "ENABLED",
                    "stream_name": "codebuild/dev/terraform-easy-code-build"
                  }
                ],
                "s3_logs": [
                  {
                    "bucket_owner_access": "",
                    "encryption_disabled": false,
                    "location": "",
                    "status": "DISABLED"
                  }
                ]
              }
            ],
            "name": "terraform-easy-code-build-codebuild",
            "project_visibility": "PRIVATE",
            "public_project_alias": "",
            "queued_timeout": 10,
            "resource_access_role": "",
            "secondary_artifacts": [],
            "secondary_source_version": [],
            "secondary_sources": [],
            "service_role": "arn:aws:iam::844078799940:role/dev-easy_modules-terraform-easy-code-build",
            "source": [
              {
                "auth": [],
                "build_status_config": [],
                "buildspec": "",
                "git_clone_depth": 1,
                "git_submodules_config": [
                  {
                    "fetch_submodules": true
                  }
                ],
                "insecure_ssl": false,
                "location": "https://github.com/easy-modules/terraform-easy-code-build.git",
                "report_build_status": false,
                "type": "GITHUB"
              }
            ],
            "source_version": "",
            "tags": {
              "CreatedBy": "Terraform",
              "Environment": "dev"
            },
            "tags_all": {
              "CreatedBy": "Terraform",
              "Environment": "dev"
            },
            "vpc_config": []
          },
          "sensitive_attributes": [],
          "private": "bnVsbA==",
          "dependencies": [
            "aws_cloudwatch_log_group.app",
            "aws_iam_role.assume_role",
            "data.aws_caller_identity.current",
            "data.aws_iam_policy_document.assume_role",
            "data.aws_region.current"
          ]
        }
      ]
    },
    {
      "mode": "managed",
      "type": "aws_codebuild_source_credential",
      "name": "source_credential",
      "provider": "provider[\"registry.terraform.io/hashicorp/aws\"]",
      "instances": [
        {
          "index_key": 0,
          "schema_version": 0,
          "attributes": {
            "arn": "arn:aws:codebuild:us-east-1:844078799940:token/github",
            "auth_type": "PERSONAL_ACCESS_TOKEN",
            "id": "arn:aws:codebuild:us-east-1:844078799940:token/github",
            "server_type": "GITHUB",
            "token": "your-token-here",
            "user_name": null
          },
          "sensitive_attributes": [],
          "private": "bnVsbA=="
        }
      ]
    },
    {
      "mode": "managed",
      "type": "aws_iam_role",
      "name": "assume_role",
      "provider": "provider[\"registry.terraform.io/hashicorp/aws\"]",
      "instances": [
        {
          "index_key": 0,
          "schema_version": 0,
          "attributes": {
            "arn": "arn:aws:iam::844078799940:role/dev-easy_modules-terraform-easy-code-build",
            "assume_role_policy": "{\"Statement\":[{\"Action\":\"sts:AssumeRole\",\"Effect\":\"Allow\",\"Principal\":{\"Service\":\"codebuild.amazonaws.com\"},\"Sid\":\"\"}],\"Version\":\"2012-10-17\"}",
            "create_date": "2023-05-13T20:42:41Z",
            "description": "",
            "force_detach_policies": false,
            "id": "dev-easy_modules-terraform-easy-code-build",
            "inline_policy": [],
            "managed_policy_arns": [],
            "max_session_duration": 3600,
            "name": "dev-easy_modules-terraform-easy-code-build",
            "name_prefix": "",
            "path": "/",
            "permissions_boundary": null,
            "role_last_used": [
              {
                "last_used_date": "",
                "region": ""
              }
            ],
            "tags": null,
            "tags_all": {},
            "unique_id": "AROA4JBYELRCF3PRSAVJN"
          },
          "sensitive_attributes": [],
          "private": "bnVsbA==",
          "dependencies": [
            "data.aws_iam_policy_document.assume_role"
          ]
        }
      ]
    },
    {
      "mode": "managed",
      "type": "aws_iam_role_policy",
      "name": "iam_role_policy",
      "provider": "provider[\"registry.terraform.io/hashicorp/aws\"]",
      "instances": [
        {
          "index_key": 0,
          "schema_version": 0,
          "attributes": {
            "id": "dev-easy_modules-terraform-easy-code-build:terraform-20230513204242316800000001",
            "name": "terraform-20230513204242316800000001",
            "name_prefix": null,
            "policy": "{\"Version\":\"2012-10-17\",\"Statement\":[{\"Action\":[\"s3:*\",\"logs:PutLogEvents\",\"logs:CreateLogStream\",\"logs:CreateLogGroup\"],\"Effect\":\"Allow\",\"Resource\":\"*\",\"Sid\":\"\"}]}",
            "role": "dev-easy_modules-terraform-easy-code-build"
          },
          "sensitive_attributes": [],
          "private": "bnVsbA==",
          "dependencies": [
            "aws_iam_role.assume_role",
            "data.aws_iam_policy_document.assume_role",
            "data.aws_iam_policy_document.codebuild_policy_document"
          ]
        }
      ]
    }
  ]
}
